
Microsoft Visual Studio Solution File, Format Version 12.00
# Visual Studio Version 17
VisualStudioVersion = 17.8.34525.116
MinimumVisualStudioVersion = 10.0.40219.1
Project("{9A19103F-16F7-4668-BE54-9A1E7A4F7556}") = "Sheenam.Api", "Sheenam.Api\Sheenam.Api.csproj", "{6787A1A4-A686-4368-926F-0AFE6FEB71E7}"
EndProject
Project("{FAE04EC0-301F-11D3-BF4B-00C04F79EFBC}") = "Sheenam.Api.Tests.Unit", "Sheenam.Api.Tests.Unit\Sheenam.Api.Tests.Unit.csproj", "{E905B938-D366-42E1-83DF-69D0B46C1D6A}"
EndProject
Project("{FAE04EC0-301F-11D3-BF4B-00C04F79EFBC}") = "Sheenam.Api.Infrastructure.Build", "Sheenam.Api.Infrastructure.Build\Sheenam.Api.Infrastructure.Build.csproj", "{3B498E70-AADE-4D05-96AF-E1252EE913CD}"
EndProject
Global
	GlobalSection(SolutionConfigurationPlatforms) = preSolution
		Debug|Any CPU = Debug|Any CPU
		Release|Any CPU = Release|Any CPU
	EndGlobalSection
	GlobalSection(ProjectConfigurationPlatforms) = postSolution
		{6787A1A4-A686-4368-926F-0AFE6FEB71E7}.Debug|Any CPU.ActiveCfg = Debug|Any CPU
		{6787A1A4-A686-4368-926F-0AFE6FEB71E7}.Debug|Any CPU.Build.0 = Debug|Any CPU
		{6787A1A4-A686-4368-926F-0AFE6FEB71E7}.Release|Any CPU.ActiveCfg = Release|Any CPU
		{6787A1A4-A686-4368-926F-0AFE6FEB71E7}.Release|Any CPU.Build.0 = Release|Any CPU
		{E905B938-D366-42E1-83DF-69D0B46C1D6A}.Debug|Any CPU.ActiveCfg = Debug|Any CPU
		{E905B938-D366-42E1-83DF-69D0B46C1D6A}.Debug|Any CPU.Build.0 = Debug|Any CPU
		{E905B938-D366-42E1-83DF-69D0B46C1D6A}.Release|Any CPU.ActiveCfg = Release|Any CPU
		{E905B938-D366-42E1-83DF-69D0B46C1D6A}.Release|Any CPU.Build.0 = Release|Any CPU
		{3B498E70-AADE-4D05-96AF-E1252EE913CD}.Debug|Any CPU.ActiveCfg = Debug|Any CPU
		{3B498E70-AADE-4D05-96AF-E1252EE913CD}.Debug|Any CPU.Build.0 = Debug|Any CPU
		{3B498E70-AADE-4D05-96AF-E1252EE913CD}.Release|Any CPU.ActiveCfg = Release|Any CPU
		{3B498E70-AADE-4D05-96AF-E1252EE913CD}.Release|Any CPU.Build.0 = Release|Any CPU
	EndGlobalSection
	GlobalSection(SolutionProperties) = preSolution
		HideSolutionNode = FALSE
	EndGlobalSection
	GlobalSection(ExtensibilityGlobals) = postSolution
		SolutionGuid = {055A4F06-8A00-4602-BA7F-44C33FAE994B}
	EndGlobalSection
EndGlobal
